PODS:
  - ios-cloudfiles (1.0.11)

DEPENDENCIES:
  - ios-cloudfiles (from `https://github.com/felipecarreramo/ios-cloudfiles.git`)

EXTERNAL SOURCES:
  ios-cloudfiles:
    :git: https://github.com/felipecarreramo/ios-cloudfiles.git

CHECKOUT OPTIONS:
  ios-cloudfiles:
    :commit: 37f2343b5c17d8a78a498489871ec514bf6ccf26
    :git: https://github.com/felipecarreramo/ios-cloudfiles.git

SPEC CHECKSUMS:
  ios-cloudfiles: b1aedfa9fa48974894f12eaa55377c5f66efe5d9

COCOAPODS: 0.39.0
