PODS:
  - ios-cloudfiles (1.0.6)

DEPENDENCIES:
  - ios-cloudfiles (from `https://github.com/felipecarreramo/ios-cloudfiles.git`)

EXTERNAL SOURCES:
  ios-cloudfiles:
    :git: https://github.com/felipecarreramo/ios-cloudfiles.git

CHECKOUT OPTIONS:
  ios-cloudfiles:
    :commit: c2ff394d78db2b352e76e379763c11f24cb7410c
    :git: https://github.com/felipecarreramo/ios-cloudfiles.git

SPEC CHECKSUMS:
  ios-cloudfiles: 532967893c77ebea985ef6bf75c82e9c75225b53

COCOAPODS: 0.39.0
