PODS:
  - ios-cloudfiles (1.0.9)

DEPENDENCIES:
  - ios-cloudfiles (from `https://github.com/felipecarreramo/ios-cloudfiles.git`)

EXTERNAL SOURCES:
  ios-cloudfiles:
    :git: https://github.com/felipecarreramo/ios-cloudfiles.git

CHECKOUT OPTIONS:
  ios-cloudfiles:
    :commit: da2682ea830212383ebded8e6de527b1ebffa966
    :git: https://github.com/felipecarreramo/ios-cloudfiles.git

SPEC CHECKSUMS:
  ios-cloudfiles: 36ca1eb721dcb45908b43564f79d61c531c378d5

COCOAPODS: 0.39.0
