PODS:
  - ios-cloudfiles (1.0.10)

DEPENDENCIES:
  - ios-cloudfiles (from `https://github.com/felipecarreramo/ios-cloudfiles.git`)

EXTERNAL SOURCES:
  ios-cloudfiles:
    :git: https://github.com/felipecarreramo/ios-cloudfiles.git

CHECKOUT OPTIONS:
  ios-cloudfiles:
    :commit: b1374d6fa5494a78c462947e6a4676d693f8a2c8
    :git: https://github.com/felipecarreramo/ios-cloudfiles.git

SPEC CHECKSUMS:
  ios-cloudfiles: 44b142df1d67ef7909db6d71155e9c640cf1fbd0

COCOAPODS: 0.39.0
